# This file is automatically @generated by Cargo.
# It is not intended for manual editing.
version = 3

[[package]]
name = "cc"
version = "1.0.73"
source = "registry+https://github.com/rust-lang/crates.io-index"
checksum = "2fff2a6927b3bb87f9595d67196a70493f627687a71d87a0d692242c33f58c11"

[[package]]
name = "libc"
version = "0.2.129"
source = "registry+https://github.com/rust-lang/crates.io-index"
checksum = "64de3cc433455c14174d42e554d4027ee631c4d046d43e3ecc6efc4636cdc7a7"

[[package]]
name = "rust-tcp-ip"
version = "0.1.0"
dependencies = [
 "signal-hook",
]

[[package]]
name = "signal-hook"
version = "0.3.14"
source = "registry+https://github.com/rust-lang/crates.io-index"
checksum = "a253b5e89e2698464fc26b545c9edceb338e18a89effeeecfea192c3025be29d"
dependencies = [
 "cc",
 "libc",
 "signal-hook-registry",
]

[[package]]
name = "signal-hook-registry"
version = "1.4.0"
source = "registry+https://github.com/rust-lang/crates.io-index"
checksum = "e51e73328dc4ac0c7ccbda3a494dfa03df1de2f46018127f60c693f2648455b0"
dependencies = [
 "libc",
]
